
Microsoft Visual Studio Solution File, Format Version 12.00
# Visual Studio Version 16
VisualStudioVersion = 16.0.29411.108
MinimumVisualStudioVersion = 10.0.40219.1
Project("{9A19103F-16F7-4668-BE54-9A1E7A4F7556}") = "PokerHands", "PokerHands\PokerHands.csproj", "{90B7BF74-BF5B-413D-AF36-F6744E4BB0B2}"
EndProject
Project("{9A19103F-16F7-4668-BE54-9A1E7A4F7556}") = "PokerHandsTests", "PokerHandsTests\PokerHandsTests.csproj", "{B633CF28-1DFF-4B2E-BB26-15FA8CA324C5}"
EndProject
Global
	GlobalSection(SolutionConfigurationPlatforms) = preSolution
		Debug|Any CPU = Debug|Any CPU
		Release|Any CPU = Release|Any CPU
	EndGlobalSection
	GlobalSection(ProjectConfigurationPlatforms) = postSolution
		{90B7BF74-BF5B-413D-AF36-F6744E4BB0B2}.Debug|Any CPU.ActiveCfg = Debug|Any CPU
		{90B7BF74-BF5B-413D-AF36-F6744E4BB0B2}.Debug|Any CPU.Build.0 = Debug|Any CPU
		{90B7BF74-BF5B-413D-AF36-F6744E4BB0B2}.Release|Any CPU.ActiveCfg = Release|Any CPU
		{90B7BF74-BF5B-413D-AF36-F6744E4BB0B2}.Release|Any CPU.Build.0 = Release|Any CPU
		{B633CF28-1DFF-4B2E-BB26-15FA8CA324C5}.Debug|Any CPU.ActiveCfg = Debug|Any CPU
		{B633CF28-1DFF-4B2E-BB26-15FA8CA324C5}.Debug|Any CPU.Build.0 = Debug|Any CPU
		{B633CF28-1DFF-4B2E-BB26-15FA8CA324C5}.Release|Any CPU.ActiveCfg = Release|Any CPU
		{B633CF28-1DFF-4B2E-BB26-15FA8CA324C5}.Release|Any CPU.Build.0 = Release|Any CPU
	EndGlobalSection
	GlobalSection(SolutionProperties) = preSolution
		HideSolutionNode = FALSE
	EndGlobalSection
	GlobalSection(ExtensibilityGlobals) = postSolution
		SolutionGuid = {344315C9-FA1C-4DEB-B4F7-74C4DEFC447F}
	EndGlobalSection
EndGlobal
